<?xml version="1.0" encoding="utf-8"?>
<Project ToolsVersion="4.0" xmlns="http://schemas.microsoft.com/developer/msbuild/2003">
  <ItemGroup>
    <Filter Include="ソース ファイル">
      <UniqueIdentifier>{4FC737F1-C7A5-4376-A066-2A32D752A2FF}</UniqueIdentifier>
      <Extensions>cpp;c;cc;cxx;c++;cppm;ixx;def;odl;idl;hpj;bat;asm;asmx</Extensions>
    </Filter>
    <Filter Include="ヘッダー ファイル">
      <UniqueIdentifier>{93995380-89BD-4b04-88EB-625FBE52EBFB}</UniqueIdentifier>
      <Extensions>h;hh;hpp;hxx;h++;hm;inl;inc;ipp;xsd</Extensions>
    </Filter>
    <Filter Include="リソース ファイル">
      <UniqueIdentifier>{67DA6AB6-F800-4c08-8B7A-83BB121AAD01}</UniqueIdentifier>
      <Extensions>rc;ico;cur;bmp;dlg;rc2;rct;bin;rgs;gif;jpg;jpeg;jpe;resx;tiff;tif;png;wav;mfcribbon-ms</Extensions>
    </Filter>
    <Filter Include="シェーダーファイル">
      <UniqueIdentifier>{7e5584a5-2895-4181-9eaf-f65622106b57}</UniqueIdentifier>
    </Filter>
    <Filter Include="ソース ファイル\Base">
      <UniqueIdentifier>{02821b7f-f964-46cf-8863-948c3a024b35}</UniqueIdentifier>
    </Filter>
    <Filter Include="ソース ファイル\Enemy">
      <UniqueIdentifier>{cd0270b0-c416-408f-89a9-cbb37b16bf88}</UniqueIdentifier>
    </Filter>
    <Filter Include="ソース ファイル\Tower">
      <UniqueIdentifier>{9913d8d5-6fa2-4efa-afa2-100ef0b19994}</UniqueIdentifier>
    </Filter>
    <Filter Include="ソース ファイル\Player">
      <UniqueIdentifier>{7ad2e91e-dc5d-42fe-8342-20fb8f62fa97}</UniqueIdentifier>
    </Filter>
    <Filter Include="ソース ファイル\Sprite">
      <UniqueIdentifier>{4bbb0942-bfcb-46be-8ade-7838da8938e0}</UniqueIdentifier>
    </Filter>
    <Filter Include="ソース ファイル\Camera">
      <UniqueIdentifier>{5124c511-a7ff-4221-acb6-0f48c1cfb953}</UniqueIdentifier>
    </Filter>
    <Filter Include="ソース ファイル\Input">
      <UniqueIdentifier>{543c19eb-ec8e-4725-861c-a16fd9508294}</UniqueIdentifier>
    </Filter>
    <Filter Include="ソース ファイル\ObjectOBJ">
      <UniqueIdentifier>{94f3d3ed-7ded-4be3-96ae-5a6659974699}</UniqueIdentifier>
    </Filter>
    <Filter Include="ソース ファイル\ObjectFBX">
      <UniqueIdentifier>{a756e0e6-bebe-4ae3-b79d-ddbaf235ecb0}</UniqueIdentifier>
    </Filter>
    <Filter Include="ソース ファイル\Scene">
      <UniqueIdentifier>{6537e32e-23d7-4a43-8fe8-5cd9674322bb}</UniqueIdentifier>
    </Filter>
    <Filter Include="ソース ファイル\Canvas">
      <UniqueIdentifier>{95433fd4-6f4d-4aa0-ad03-9141340d79ff}</UniqueIdentifier>
    </Filter>
    <Filter Include="ソース ファイル\Effect">
      <UniqueIdentifier>{70234543-3e09-493f-a4c2-863c90b4bf47}</UniqueIdentifier>
    </Filter>
  </ItemGroup>
  <ItemGroup>
    <FxCompile Include="BasicPS.hlsl">
      <Filter>シェーダーファイル</Filter>
    </FxCompile>
    <FxCompile Include="BasicVS.hlsl">
      <Filter>シェーダーファイル</Filter>
    </FxCompile>
    <FxCompile Include="Resources\shaders\FBXPS.hlsl">
      <Filter>リソース ファイル</Filter>
    </FxCompile>
    <FxCompile Include="Resources\shaders\FBXVS.hlsl">
      <Filter>リソース ファイル</Filter>
    </FxCompile>
    <FxCompile Include="Resources\shaders\OBJPixelShader.hlsl">
      <Filter>リソース ファイル</Filter>
    </FxCompile>
    <FxCompile Include="Resources\shaders\OBJVertexShader.hlsl">
      <Filter>リソース ファイル</Filter>
    </FxCompile>
    <FxCompile Include="Resources\shaders\PostEffectTestPS_GAUSSIAN.hlsl">
      <Filter>リソース ファイル</Filter>
    </FxCompile>
    <FxCompile Include="Resources\shaders\PostEffectTestPS_MOZAIKU.hlsl">
      <Filter>リソース ファイル</Filter>
    </FxCompile>
    <FxCompile Include="Resources\shaders\PostEffectTestPS_NONE.hlsl">
      <Filter>リソース ファイル</Filter>
    </FxCompile>
    <FxCompile Include="Resources\shaders\PostEffectTestVS_GAUSSIAN.hlsl">
      <Filter>リソース ファイル</Filter>
    </FxCompile>
    <FxCompile Include="Resources\shaders\PostEffectTestVS_NONE.hlsl">
      <Filter>リソース ファイル</Filter>
    </FxCompile>
    <FxCompile Include="SpritePS.hlsl">
      <Filter>リソース ファイル</Filter>
    </FxCompile>
    <FxCompile Include="SpriteVS.hlsl">
      <Filter>リソース ファイル</Filter>
    </FxCompile>
    <FxCompile Include="Resources\shaders\ParticlePS.hlsl">
      <Filter>リソース ファイル</Filter>
    </FxCompile>
    <FxCompile Include="Resources\shaders\ParticleVS.hlsl">
      <Filter>リソース ファイル</Filter>
    </FxCompile>
    <FxCompile Include="Resources\shaders\ParticleGS.hlsl">
      <Filter>リソース ファイル</Filter>
    </FxCompile>
  </ItemGroup>
  <ItemGroup>
    <None Include="Basic.hlsli">
      <Filter>シェーダーファイル</Filter>
    </None>
    <None Include="Resources\shaders\FBX.hlsli">
      <Filter>リソース ファイル</Filter>
    </None>
    <None Include="Resources\shaders\OBJShaderHeader.hlsli">
      <Filter>リソース ファイル</Filter>
    </None>
    <None Include="Resources\shaders\PostEffectTest_GAUSSIAN.hlsli">
      <Filter>リソース ファイル</Filter>
    </None>
    <None Include="Resources\shaders\PostEffectTest_NONE.hlsli">
      <Filter>リソース ファイル</Filter>
    </None>
    <None Include="Sprite.hlsli">
      <Filter>リソース ファイル</Filter>
    </None>
  </ItemGroup>
  <ItemGroup>
    <ClInclude Include="Base\DirectXCommon.h">
      <Filter>ソース ファイル\Base</Filter>
    </ClInclude>
    <ClInclude Include="Base\WinApp.h">
      <Filter>ソース ファイル\Base</Filter>
    </ClInclude>
    <ClInclude Include="Input\InputMouse.h">
      <Filter>ソース ファイル\Input</Filter>
    </ClInclude>
    <ClInclude Include="Input\Input.h">
      <Filter>ソース ファイル\Input</Filter>
    </ClInclude>
    <ClInclude Include="Camera\Camera.h">
      <Filter>ソース ファイル\Camera</Filter>
    </ClInclude>
    <ClInclude Include="Enemy\Enemy.h">
      <Filter>ソース ファイル\Enemy</Filter>
    </ClInclude>
    <ClInclude Include="Enemy\EnemyManager.h">
      <Filter>ソース ファイル\Enemy</Filter>
    </ClInclude>
    <ClInclude Include="Enemy\EnemyZako.h">
      <Filter>ソース ファイル\Enemy</Filter>
    </ClInclude>
    <ClInclude Include="Enemy\StrongZakoEnemy.h">
      <Filter>ソース ファイル\Enemy</Filter>
    </ClInclude>
    <ClInclude Include="Player\Player.h">
      <Filter>ソース ファイル\Player</Filter>
    </ClInclude>
    <ClInclude Include="Scene\GameScene.h">
      <Filter>ソース ファイル\Scene</Filter>
    </ClInclude>
    <ClInclude Include="Scene\SceneManager.h">
      <Filter>ソース ファイル\Scene</Filter>
    </ClInclude>
    <ClInclude Include="Scene\BatlleScene.h">
      <Filter>ソース ファイル\Scene</Filter>
    </ClInclude>
    <ClInclude Include="Sprite\PostEffect.h">
      <Filter>ソース ファイル\Sprite</Filter>
    </ClInclude>
    <ClInclude Include="Sprite\Sprite.h">
      <Filter>ソース ファイル\Sprite</Filter>
    </ClInclude>
    <ClInclude Include="Tower\Bullet.h">
      <Filter>ソース ファイル\Tower</Filter>
    </ClInclude>
    <ClInclude Include="Tower\DefenseTower.h">
      <Filter>ソース ファイル\Tower</Filter>
    </ClInclude>
    <ClInclude Include="ObjectFBX\FbxModel.h">
      <Filter>ソース ファイル\ObjectFBX</Filter>
    </ClInclude>
    <ClInclude Include="ObjectFBX\FBXObject.h">
      <Filter>ソース ファイル\ObjectFBX</Filter>
    </ClInclude>
    <ClInclude Include="ObjectFBX\FbxLoader.h">
      <Filter>ソース ファイル\ObjectFBX</Filter>
    </ClInclude>
    <ClInclude Include="ObjectOBJ\Model.h">
      <Filter>ソース ファイル\ObjectOBJ</Filter>
    </ClInclude>
    <ClInclude Include="ObjectOBJ\ModelManager.h">
      <Filter>ソース ファイル\ObjectOBJ</Filter>
    </ClInclude>
    <ClInclude Include="ObjectOBJ\OBJObject.h">
      <Filter>ソース ファイル\ObjectOBJ</Filter>
    </ClInclude>
    <ClInclude Include="FPSLock.h">
      <Filter>ソース ファイル\Base</Filter>
    </ClInclude>
    <ClInclude Include="UI.h">
      <Filter>ソース ファイル\Canvas</Filter>
    </ClInclude>
    <ClInclude Include="Canvas.h">
      <Filter>ソース ファイル\Canvas</Filter>
    </ClInclude>
    <ClInclude Include="Particle\ParticleManager.h">
      <Filter>ソース ファイル\Effect</Filter>
    </ClInclude>
    <ClInclude Include="EndScene.h">
      <Filter>ソース ファイル\Scene</Filter>
    </ClInclude>
    <ClInclude Include="TitleScene.h">
      <Filter>ソース ファイル\Scene</Filter>
    </ClInclude>
    <ClInclude Include="tuyoEnemy.h">
      <Filter>ソース ファイル\Enemy</Filter>
    </ClInclude>
  </ItemGroup>
  <ItemGroup>
    <ClCompile Include="main.cpp">
      <Filter>ソース ファイル</Filter>
    </ClCompile>
    <ClCompile Include="Base\WinApp.cpp">
      <Filter>ソース ファイル\Base</Filter>
    </ClCompile>
    <ClCompile Include="Base\DirectXCommon.cpp">
      <Filter>ソース ファイル\Base</Filter>
    </ClCompile>
    <ClCompile Include="Input\Input.cpp">
      <Filter>ソース ファイル\Input</Filter>
    </ClCompile>
    <ClCompile Include="Input\InputMouse.cpp">
      <Filter>ソース ファイル\Input</Filter>
    </ClCompile>
    <ClCompile Include="Camera\Camera.cpp">
      <Filter>ソース ファイル\Camera</Filter>
    </ClCompile>
    <ClCompile Include="Enemy\EnemyManager.cpp">
      <Filter>ソース ファイル\Enemy</Filter>
    </ClCompile>
    <ClCompile Include="Enemy\EnemyZako.cpp">
      <Filter>ソース ファイル\Enemy</Filter>
    </ClCompile>
    <ClCompile Include="Enemy\StrongZakoEnemy.cpp">
      <Filter>ソース ファイル\Enemy</Filter>
    </ClCompile>
    <ClCompile Include="Enemy\Enemy.cpp">
      <Filter>ソース ファイル\Enemy</Filter>
    </ClCompile>
    <ClCompile Include="Player\Player.cpp">
      <Filter>ソース ファイル\Player</Filter>
    </ClCompile>
    <ClCompile Include="Scene\SceneManager.cpp">
      <Filter>ソース ファイル\Scene</Filter>
    </ClCompile>
    <ClCompile Include="Scene\BatlleScene.cpp">
      <Filter>ソース ファイル\Scene</Filter>
    </ClCompile>
    <ClCompile Include="Scene\GameScene.cpp">
      <Filter>ソース ファイル\Scene</Filter>
    </ClCompile>
    <ClCompile Include="Sprite\Sprite.cpp">
      <Filter>ソース ファイル\Sprite</Filter>
    </ClCompile>
    <ClCompile Include="Sprite\PostEffect.cpp">
      <Filter>ソース ファイル\Sprite</Filter>
    </ClCompile>
    <ClCompile Include="Tower\DefenseTower.cpp">
      <Filter>ソース ファイル\Tower</Filter>
    </ClCompile>
    <ClCompile Include="Tower\Bullet.cpp">
      <Filter>ソース ファイル\Tower</Filter>
    </ClCompile>
    <ClCompile Include="ObjectFBX\FbxModel.cpp">
      <Filter>ソース ファイル\ObjectFBX</Filter>
    </ClCompile>
    <ClCompile Include="ObjectFBX\FBXObject.cpp">
      <Filter>ソース ファイル\ObjectFBX</Filter>
    </ClCompile>
    <ClCompile Include="ObjectFBX\FbxLoader.cpp">
      <Filter>ソース ファイル\ObjectFBX</Filter>
    </ClCompile>
    <ClCompile Include="ObjectOBJ\ModelManager.cpp">
      <Filter>ソース ファイル\ObjectOBJ</Filter>
    </ClCompile>
    <ClCompile Include="ObjectOBJ\OBJObject.cpp">
      <Filter>ソース ファイル\ObjectOBJ</Filter>
    </ClCompile>
    <ClCompile Include="ObjectOBJ\Model.cpp">
      <Filter>ソース ファイル\ObjectOBJ</Filter>
    </ClCompile>
    <ClCompile Include="FPSLock.cpp">
      <Filter>ソース ファイル\Base</Filter>
    </ClCompile>
    <ClCompile Include="UI.cpp">
      <Filter>ソース ファイル\Canvas</Filter>
    </ClCompile>
    <ClCompile Include="Canvas.cpp">
      <Filter>ソース ファイル\Canvas</Filter>
    </ClCompile>
    <ClCompile Include="EndScene.cpp">
      <Filter>ソース ファイル\Scene</Filter>
    </ClCompile>
    <ClCompile Include="TitleScene.cpp">
      <Filter>ソース ファイル\Scene</Filter>
    </ClCompile>
    <ClCompile Include="Particle\ParticleManager.cpp">
      <Filter>ソース ファイル\Effect</Filter>
    </ClCompile>
    <ClCompile Include="tuyoEnemy.cpp">
      <Filter>ソース ファイル\Enemy</Filter>
    </ClCompile>
  </ItemGroup>
</Project>